
Microsoft Visual Studio Solution File, Format Version 12.00
# Visual Studio 2012
Project("{FAE04EC0-301F-11D3-BF4B-00C04F79EFBC}") = "Email.Endpoint", "Email.Endpoint\Email.Endpoint.csproj", "{A74A6487-6891-4DF1-BED9-35B482303D0F}"
EndProject
Global
	GlobalSection(SolutionConfigurationPlatforms) = preSolution
		Debug|Any CPU = Debug|Any CPU
		Release|Any CPU = Release|Any CPU
	EndGlobalSection
	GlobalSection(ProjectConfigurationPlatforms) = postSolution
		{A74A6487-6891-4DF1-BED9-35B482303D0F}.Debug|Any CPU.ActiveCfg = Debug|Any CPU
		{A74A6487-6891-4DF1-BED9-35B482303D0F}.Debug|Any CPU.Build.0 = Debug|Any CPU
		{A74A6487-6891-4DF1-BED9-35B482303D0F}.Release|Any CPU.ActiveCfg = Release|Any CPU
		{A74A6487-6891-4DF1-BED9-35B482303D0F}.Release|Any CPU.Build.0 = Release|Any CPU
	EndGlobalSection
	GlobalSection(SolutionProperties) = preSolution
		HideSolutionNode = FALSE
	EndGlobalSection
EndGlobal
